github.com/prakhar-kt/dog v0.0.0-20241207085852-7e3ab2606b27 h1:5zfxATfgPo9Jq3Yfm50dsj0gyX0lzDUWZgQEdw21xdI=
github.com/prakhar-kt/dog v0.0.0-20241207085852-7e3ab2606b27/go.mod h1:Eq5aXlcmnFBDjfItYTAkJAH8PEN9VG4Yy461T8wURnA=
github.com/prakhar-kt/puppy v0.1.0 h1:kSdgCAhyD7qGaq9bvFrSej4FPTw0qx9J6RCnoLDxRps=
github.com/prakhar-kt/puppy v0.1.0/go.mod h1:hNx2ISc06NvpUbqavi9RFyGlwXqGizdGoSe5XPe5CgQ=
github.com/prakhar-kt/puppy v0.2.0 h1:peEX60jEMAg+yCr60EF5W5K+jhyx+oze1S7Lw2wOnLc=
github.com/prakhar-kt/puppy v0.2.0/go.mod h1:aub30DSQcr0WPuY8iGOFWTebkLwdhIVhF42Xu8Rlh78=
